
Microsoft Visual Studio Solution File, Format Version 12.00
# Visual Studio 15
VisualStudioVersion = 15.0.27130.2010
MinimumVisualStudioVersion = 10.0.40219.1
Project("{FAE04EC0-301F-11D3-BF4B-00C04F79EFBC}") = "ShpConverter", "ShpConverter\ShpConverter.csproj", "{36675C6C-9A8F-4E04-B438-540AA64AB57E}"
EndProject
Project("{FAE04EC0-301F-11D3-BF4B-00C04F79EFBC}") = "ShpConverterSample", "ShpConverterSample\ShpConverterSample.csproj", "{8B1484C9-E671-402E-BD08-C305FDCEA52B}"
EndProject
Global
	GlobalSection(SolutionConfigurationPlatforms) = preSolution
		Debug|Any CPU = Debug|Any CPU
		Release|Any CPU = Release|Any CPU
	EndGlobalSection
	GlobalSection(ProjectConfigurationPlatforms) = postSolution
		{36675C6C-9A8F-4E04-B438-540AA64AB57E}.Debug|Any CPU.ActiveCfg = Debug|Any CPU
		{36675C6C-9A8F-4E04-B438-540AA64AB57E}.Debug|Any CPU.Build.0 = Debug|Any CPU
		{36675C6C-9A8F-4E04-B438-540AA64AB57E}.Release|Any CPU.ActiveCfg = Release|Any CPU
		{36675C6C-9A8F-4E04-B438-540AA64AB57E}.Release|Any CPU.Build.0 = Release|Any CPU
		{8B1484C9-E671-402E-BD08-C305FDCEA52B}.Debug|Any CPU.ActiveCfg = Debug|Any CPU
		{8B1484C9-E671-402E-BD08-C305FDCEA52B}.Debug|Any CPU.Build.0 = Debug|Any CPU
		{8B1484C9-E671-402E-BD08-C305FDCEA52B}.Release|Any CPU.ActiveCfg = Release|Any CPU
		{8B1484C9-E671-402E-BD08-C305FDCEA52B}.Release|Any CPU.Build.0 = Release|Any CPU
	EndGlobalSection
	GlobalSection(SolutionProperties) = preSolution
		HideSolutionNode = FALSE
	EndGlobalSection
	GlobalSection(ExtensibilityGlobals) = postSolution
		SolutionGuid = {692FAFDD-929E-4C93-A03B-9C45AE0D9204}
	EndGlobalSection
EndGlobal
